# THIS IS AN AUTOGENERATED FILE. DO NOT EDIT THIS FILE DIRECTLY.
# yarn lockfile v1


"@types/node@^10.17.13":
  version "10.17.51"
  resolved "https://registry.yarnpkg.com/@types/node/-/node-10.17.51.tgz#639538575befbcf3d3861f95c41de8e47124d674"
  integrity sha512-KANw+MkL626tq90l++hGelbl67irOJzGhUJk6a1Bt8QHOeh9tztJx+L0AqttraWKinmZn7Qi5lJZJzx45Gq0dg==

backbone@^1.4.0:
  version "1.4.0"
  resolved "https://registry.yarnpkg.com/backbone/-/backbone-1.4.0.tgz#54db4de9df7c3811c3f032f34749a4cd27f3bd12"
  integrity sha512-RLmDrRXkVdouTg38jcgHhyQ/2zjg7a8E6sz2zxfz21Hh17xDJYUHBZimVIt5fUyS8vbfpeSmTL3gUjTEvUV3qQ==
  dependencies:
    underscore ">=1.8.3"

binary-search-tree@^0.2.6:
  version "0.2.6"
  resolved "https://registry.yarnpkg.com/binary-search-tree/-/binary-search-tree-0.2.6.tgz#c6d29194e286827fcffe079010e6bf77def10ce3"
  integrity sha1-xtKRlOKGgn/P/geQEOa/d97xDOM=
  dependencies:
    underscore "~1.4.4"

d3-array@^2.3.0:
  version "2.9.1"
  resolved "https://registry.yarnpkg.com/d3-array/-/d3-array-2.9.1.tgz#f355cc72b46c8649b3f9212029e2d681cb5b9643"
  integrity sha512-Ob7RdOtkqsjx1NWyQHMFLtCSk6/aKTxDdC4ZIolX+O+mDD2RzrsYgAyc0WGAlfYFVELLSilS7w8BtE3PKM8bHg==

d3-color@1, d3-color@^1.4.0:
  version "1.4.1"
  resolved "https://registry.yarnpkg.com/d3-color/-/d3-color-1.4.1.tgz#c52002bf8846ada4424d55d97982fef26eb3bc8a"
  integrity sha512-p2sTHSLCJI2QKunbGb7ocOh7DgTAn8IrLx21QRc/BSnodXM4sv6aLQlnfpvehFMLZEfBc6g9pH9SWQccFYfJ9Q==

"d3-color@1 - 2":
  version "2.0.0"
  resolved "https://registry.yarnpkg.com/d3-color/-/d3-color-2.0.0.tgz#8d625cab42ed9b8f601a1760a389f7ea9189d62e"
  integrity sha512-SPXi0TSKPD4g9tw0NMZFnR95XVgUZiBH+uUTqQuDu1OsE2zomHU7ho0FISciaPvosimixwHFl3WHLGabv6dDgQ==

"d3-format@1 - 2":
  version "2.0.0"
  resolved "https://registry.yarnpkg.com/d3-format/-/d3-format-2.0.0.tgz#a10bcc0f986c372b729ba447382413aabf5b0767"
  integrity sha512-Ab3S6XuE/Q+flY96HXT0jOXcM4EAClYFnRGY5zsjRGNy6qCYrQsMffs7cV5Q9xejb35zxW5hf/guKw34kvIKsA==

d3-interpolate@1, d3-interpolate@^1.4.0:
  version "1.4.0"
  resolved "https://registry.yarnpkg.com/d3-interpolate/-/d3-interpolate-1.4.0.tgz#526e79e2d80daa383f9e0c1c1c7dcc0f0583e987"
  integrity sha512-V9znK0zc3jOPV4VD2zZn0sDhZU3WAE2bmlxdIwwQPPzPjvyLkd8B3JUVdS1IDUFDkWZ72c9qnv1GK2ZagTZ8EA==
  dependencies:
    d3-color "1"

"d3-interpolate@1.2.0 - 2":
  version "2.0.1"
  resolved "https://registry.yarnpkg.com/d3-interpolate/-/d3-interpolate-2.0.1.tgz#98be499cfb8a3b94d4ff616900501a64abc91163"
  integrity sha512-c5UhwwTs/yybcmTpAVqwSFl6vrQ8JZJoT5F7xNFK9pymv5C0Ymcc9/LIJHtYIggg/yS9YHw8i8O8tgb9pupjeQ==
  dependencies:
    d3-color "1 - 2"

d3-scale-chromatic@^1.5.0:
  version "1.5.0"
  resolved "https://registry.yarnpkg.com/d3-scale-chromatic/-/d3-scale-chromatic-1.5.0.tgz#54e333fc78212f439b14641fb55801dd81135a98"
  integrity sha512-ACcL46DYImpRFMBcpk9HhtIyC7bTBR4fNOPxwVSl0LfulDAwyiHyPOTqcDG1+t5d4P9W7t/2NAuWu59aKko/cg==
  dependencies:
    d3-color "1"
    d3-interpolate "1"

d3-scale@^3.2.1:
  version "3.2.3"
  resolved "https://registry.yarnpkg.com/d3-scale/-/d3-scale-3.2.3.tgz#be380f57f1f61d4ff2e6cbb65a40593a51649cfd"
  integrity sha512-8E37oWEmEzj57bHcnjPVOBS3n4jqakOeuv1EDdQSiSrYnMCBdMd3nc4HtKk7uia8DUHcY/CGuJ42xxgtEYrX0g==
  dependencies:
    d3-array "^2.3.0"
    d3-format "1 - 2"
    d3-interpolate "1.2.0 - 2"
    d3-time "1 - 2"
    d3-time-format "2 - 3"

"d3-time-format@2 - 3":
  version "3.0.0"
  resolved "https://registry.yarnpkg.com/d3-time-format/-/d3-time-format-3.0.0.tgz#df8056c83659e01f20ac5da5fdeae7c08d5f1bb6"
  integrity sha512-UXJh6EKsHBTjopVqZBhFysQcoXSv/5yLONZvkQ5Kk3qbwiUYkdX17Xa1PT6U1ZWXGGfB1ey5L8dKMlFq2DO0Ag==
  dependencies:
    d3-time "1 - 2"

"d3-time@1 - 2":
  version "2.0.0"
  resolved "https://registry.yarnpkg.com/d3-time/-/d3-time-2.0.0.tgz#ad7c127d17c67bd57a4c61f3eaecb81108b1e0ab"
  integrity sha512-2mvhstTFcMvwStWd9Tj3e6CEqtOivtD8AUiHT8ido/xmzrI9ijrUUihZ6nHuf/vsScRBonagOdj0Vv+SEL5G3Q==

jquery@^3.4.1:
  version "3.5.1"
  resolved "https://registry.yarnpkg.com/jquery/-/jquery-3.5.1.tgz#d7b4d08e1bfdb86ad2f1a3d039ea17304717abb5"
  integrity sha512-XwIBPqcMn57FxfT+Go5pzySnm4KWkT1Tv7gjrpT1srtf8Weynl6R273VJ5GjkRb51IzMp5nbaPjJXMWeju2MKg==

three@^0.118.0:
  version "0.118.3"
  resolved "https://registry.yarnpkg.com/three/-/three-0.118.3.tgz#c0bf8c10a68155478f12f4ccac2ff979526a4a0a"
  integrity sha512-ijECXrNzDkHieoeh2H69kgawTGH8DiamhR4uBN8jEM7VHSKvfTdEvOoHsA8Aq7dh7PHAxhlqBsN5arBI3KixSw==

typescript@~3.1.2:
  version "3.1.6"
  resolved "https://registry.yarnpkg.com/typescript/-/typescript-3.1.6.tgz#b6543a83cfc8c2befb3f4c8fba6896f5b0c9be68"
  integrity sha512-tDMYfVtvpb96msS1lDX9MEdHrW4yOuZ4Kdc4Him9oU796XldPYF/t2+uKoX0BBa0hXXwDlqYQbXY5Rzjzc5hBA==

underscore@>=1.8.3:
  version "1.12.0"
  resolved "https://registry.yarnpkg.com/underscore/-/underscore-1.12.0.tgz#4814940551fc80587cef7840d1ebb0f16453be97"
  integrity sha512-21rQzss/XPMjolTiIezSu3JAjgagXKROtNrYFEOWK109qY1Uv2tVjPTZ1ci2HgvQDA16gHYSthQIJfB+XId/rQ==

underscore@~1.4.4:
  version "1.4.4"
  resolved "https://registry.yarnpkg.com/underscore/-/underscore-1.4.4.tgz#61a6a32010622afa07963bf325203cf12239d604"
  integrity sha1-YaajIBBiKvoHljvzJSA88SI51gQ=

uuid@^3.3.3:
  version "3.4.0"
  resolved "https://registry.yarnpkg.com/uuid/-/uuid-3.4.0.tgz#b23e4358afa8a202fe7a100af1f5f883f02007ee"
  integrity sha512-HjSDRw6gZE5JMggctHBcjVak08+KEVhSIiDzFnT9S9aegmp85S/bReBVTb4QTFaRNptJ9kuYaNhnbNEOkbKb/A==
